
Microsoft Visual Studio Solution File, Format Version 12.00
# Visual Studio Version 17
VisualStudioVersion = 17.0.31903.59
MinimumVisualStudioVersion = 10.0.40219.1
Project("{9A19103F-16F7-4668-BE54-9A1E7A4F7556}") = "Interface", "Interface\Interface.csproj", "{4CD9918F-02F9-4AF6-880C-7738B36843B3}"
EndProject
Project("{9A19103F-16F7-4668-BE54-9A1E7A4F7556}") = "AuthenticationLibrary", "AuthenticationLibrary\AuthenticationLibrary.csproj", "{E2B959C4-424F-4EC5-97E7-08FAC38789D8}"
EndProject
Global
	GlobalSection(SolutionConfigurationPlatforms) = preSolution
		Debug|Any CPU = Debug|Any CPU
		Release|Any CPU = Release|Any CPU
	EndGlobalSection
	GlobalSection(ProjectConfigurationPlatforms) = postSolution
		{4CD9918F-02F9-4AF6-880C-7738B36843B3}.Debug|Any CPU.ActiveCfg = Debug|Any CPU
		{4CD9918F-02F9-4AF6-880C-7738B36843B3}.Debug|Any CPU.Build.0 = Debug|Any CPU
		{4CD9918F-02F9-4AF6-880C-7738B36843B3}.Release|Any CPU.ActiveCfg = Release|Any CPU
		{4CD9918F-02F9-4AF6-880C-7738B36843B3}.Release|Any CPU.Build.0 = Release|Any CPU
		{E2B959C4-424F-4EC5-97E7-08FAC38789D8}.Debug|Any CPU.ActiveCfg = Debug|Any CPU
		{E2B959C4-424F-4EC5-97E7-08FAC38789D8}.Debug|Any CPU.Build.0 = Debug|Any CPU
		{E2B959C4-424F-4EC5-97E7-08FAC38789D8}.Release|Any CPU.ActiveCfg = Release|Any CPU
		{E2B959C4-424F-4EC5-97E7-08FAC38789D8}.Release|Any CPU.Build.0 = Release|Any CPU
	EndGlobalSection
	GlobalSection(SolutionProperties) = preSolution
		HideSolutionNode = FALSE
	EndGlobalSection
	GlobalSection(ExtensibilityGlobals) = postSolution
		SolutionGuid = {E34385E8-1018-45D2-A75C-D262F7C6049D}
	EndGlobalSection
EndGlobal
